
Microsoft Visual Studio Solution File, Format Version 12.00
# Visual Studio Version 16
VisualStudioVersion = 16.0.29709.97
MinimumVisualStudioVersion = 10.0.40219.1
Project("{FAE04EC0-301F-11D3-BF4B-00C04F79EFBC}") = "class3", "class3\class3.csproj", "{896E8053-914D-4361-A03D-3CD2C5CEB918}"
EndProject
Global
	GlobalSection(SolutionConfigurationPlatforms) = preSolution
		Debug|Any CPU = Debug|Any CPU
		Release|Any CPU = Release|Any CPU
	EndGlobalSection
	GlobalSection(ProjectConfigurationPlatforms) = postSolution
		{896E8053-914D-4361-A03D-3CD2C5CEB918}.Debug|Any CPU.ActiveCfg = Debug|Any CPU
		{896E8053-914D-4361-A03D-3CD2C5CEB918}.Debug|Any CPU.Build.0 = Debug|Any CPU
		{896E8053-914D-4361-A03D-3CD2C5CEB918}.Release|Any CPU.ActiveCfg = Release|Any CPU
		{896E8053-914D-4361-A03D-3CD2C5CEB918}.Release|Any CPU.Build.0 = Release|Any CPU
	EndGlobalSection
	GlobalSection(SolutionProperties) = preSolution
		HideSolutionNode = FALSE
	EndGlobalSection
	GlobalSection(ExtensibilityGlobals) = postSolution
		SolutionGuid = {D8EDE3BC-F887-4AC2-9D7C-09F130F8184F}
	EndGlobalSection
EndGlobal
